github.com/beevik/etree v1.5.0 h1:iaQZFSDS+3kYZiGoc9uKeOkUY3nYMXOKLl6KIJxiJWs=
github.com/beevik/etree v1.5.0/go.mod h1:gPNJNaBGVZ9AwsidazFZyygnd+0pAU38N4D+WemwKNs=
github.com/boxesandglue/baseline-pdf v1.1.0 h1:QAsuzau4KvdAvHB166Jf2RehIVwpgGxH4GvNhXX61gU=
github.com/boxesandglue/baseline-pdf v1.1.0/go.mod h1:N0O0C23pktbAilVVVRmcJwVeEBPlASJSek2aYQbW5D8=
github.com/boxesandglue/gofpdi v1.0.21 h1:3smZ4iP1LiegX/mvDDMoJMNbfrnR0DPyRpzygBQ5Ooo=
github.com/boxesandglue/gofpdi v1.0.21/go.mod h1:4wg4byd8re5WDzpSp9F4ODu5UjbeBc0sXXx15HTK4OI=
github.com/boxesandglue/textshape v0.0.3 h1:8FL68de6EMm1rqkvjiUGzYBcTBl1onV0fD+MXaacX6c=
github.com/boxesandglue/textshape v0.0.3/go.mod h1:742L5KOFG5k6Th0T4dm24TzSEpih2V4VQIgNiOF01vE=
github.com/google/uuid v1.6.0 h1:NIvaJDMOsjHA8n1jAhLSgzrAzy1Hgr+hNrb57e+94F0=
github.com/google/uuid v1.6.0/go.mod h1:TIyPZe4MgqvfeYDBFedMoGGpEw/LqOeaOT+nhxU+yHo=
github.com/speedata/hyphenation v1.0.1 h1:O9gKtVw2JvyiHybCYJwpB3zzHaeXEvDtXjiExZdm1TU=
github.com/speedata/hyphenation v1.0.1/go.mod h1:vwrKKvBvJWFll0sVZw99hyWS/+r4YlMI7MAYjnje0nM=
github.com/speedata/optionparser v1.1.1 h1:fGVD7n3bzRQH/T1iHpUNzdP1hMAgQSY85LTfqxDZ1zM=
github.com/speedata/optionparser v1.1.1/go.mod h1:JzOMd1kGlM5gtPBy7reOayfHsTXCvd6P4JU8BW0LicE=
