github.com/benoitkugler/textlayout-testdata v0.1.1 h1:AvFxBxpfrQd8v55qH59mZOJOQjtD6K2SFe9/HvnIbJk=
github.com/benoitkugler/textlayout-testdata v0.1.1/go.mod h1:i/qZl09BbUOtd7Bu/W1CAubRwTWrEXWq6JwMkw8wYxo=
github.com/boxesandglue/baseline-pdf v1.0.3 h1:Lf/9j26A+AbbaBlKFFZUd55/GlyAMv5kr+OmNnaCP2g=
github.com/boxesandglue/baseline-pdf v1.0.3/go.mod h1:ahf5CwzBROR999z2nzTR3nF81BPKZIsAhCefHaFYz84=
github.com/boxesandglue/gofpdi v1.0.19 h1:GZX1/akVhVsZgCwjc/jTbJZ6kuoHw7CvwwGzF9Ie37U=
github.com/boxesandglue/gofpdi v1.0.19/go.mod h1:4wg4byd8re5WDzpSp9F4ODu5UjbeBc0sXXx15HTK4OI=
github.com/boxesandglue/textlayout v1.0.3 h1:v14P7eUxH6awMtqZgNjXzPbOFLmIp/0GDBECwHSliDU=
github.com/boxesandglue/textlayout v1.0.3/go.mod h1:3tRmlcJxdD64z1azBwjYAeOOzEDqvIfwyz9Tp+HDebg=
github.com/google/uuid v1.6.0 h1:NIvaJDMOsjHA8n1jAhLSgzrAzy1Hgr+hNrb57e+94F0=
github.com/google/uuid v1.6.0/go.mod h1:TIyPZe4MgqvfeYDBFedMoGGpEw/LqOeaOT+nhxU+yHo=
github.com/speedata/hyphenation v1.0.1 h1:O9gKtVw2JvyiHybCYJwpB3zzHaeXEvDtXjiExZdm1TU=
github.com/speedata/hyphenation v1.0.1/go.mod h1:vwrKKvBvJWFll0sVZw99hyWS/+r4YlMI7MAYjnje0nM=
github.com/speedata/optionparser v1.0.1 h1:sWevh2SwW2FnLI3S/LNKQBTaArQi+jhi+tPmuoxm2mY=
github.com/speedata/optionparser v1.0.1/go.mod h1:JzOMd1kGlM5gtPBy7reOayfHsTXCvd6P4JU8BW0LicE=
golang.org/x/image v0.18.0 h1:jGzIakQa/ZXI1I0Fxvaa9W7yP25TqT6cHIHn+6CqvSQ=
golang.org/x/image v0.18.0/go.mod h1:4yyo5vMFQjVjUcVk4jEQcU9MGy/rulF5WvUILseCM2E=
golang.org/x/text v0.16.0 h1:a94ExnEXNtEwYLGJSIUxnWoxoRz/ZcCsV63ROupILh4=
golang.org/x/text v0.16.0/go.mod h1:GhwF1Be+LQoKShO3cGOHzqOgRrGaYc9AvblQOmPVHnI=
